
Microsoft Visual Studio Solution File, Format Version 12.00
# Visual Studio Version 17
VisualStudioVersion = 17.2.32630.192
MinimumVisualStudioVersion = 10.0.40219.1
Project("{FAE04EC0-301F-11D3-BF4B-00C04F79EFBC}") = "MedicalStore", "MedicalStore\MedicalStore.csproj", "{C8C7FB02-4F0C-4F8E-907A-6C5C979FFE0F}"
EndProject
Project("{FAE04EC0-301F-11D3-BF4B-00C04F79EFBC}") = "Entities", "Entities\Entities.csproj", "{40DE342A-F0CC-45B3-A988-CA32814CDC84}"
EndProject
Project("{FAE04EC0-301F-11D3-BF4B-00C04F79EFBC}") = "MedicalStore.Presentation", "MedicalStore.Presentation\MedicalStore.Presentation.csproj", "{39C027F6-2B9E-4756-A757-D50DCE393B85}"
EndProject
Project("{FAE04EC0-301F-11D3-BF4B-00C04F79EFBC}") = "Contracts", "Contracts\Contracts.csproj", "{10AB5CDA-0F7F-47C8-8B3F-8B4C6F64C291}"
EndProject
Project("{FAE04EC0-301F-11D3-BF4B-00C04F79EFBC}") = "LoggerService", "LoggerService\LoggerService.csproj", "{DE87A654-4E5F-4FEC-973B-4BFF6019167D}"
EndProject
Project("{FAE04EC0-301F-11D3-BF4B-00C04F79EFBC}") = "Repository", "Repository\Repository.csproj", "{5CA71EBA-5F70-4C37-B10A-3465E13EF0A5}"
EndProject
Project("{FAE04EC0-301F-11D3-BF4B-00C04F79EFBC}") = "Service", "Service\Service.csproj", "{6B6CE215-878E-41A1-8C6A-327697C8176B}"
EndProject
Project("{FAE04EC0-301F-11D3-BF4B-00C04F79EFBC}") = "Service.Contracts", "Service.Contracts\Service.Contracts.csproj", "{C332CF18-D9D4-4397-A7E8-96029CD309D9}"
EndProject
Project("{FAE04EC0-301F-11D3-BF4B-00C04F79EFBC}") = "Shared", "Shared\Shared.csproj", "{29FCDDFF-D8CA-4481-8CEE-FF4C44CD558B}"
EndProject
Global
	GlobalSection(SolutionConfigurationPlatforms) = preSolution
		Debug|Any CPU = Debug|Any CPU
		Release|Any CPU = Release|Any CPU
	EndGlobalSection
	GlobalSection(ProjectConfigurationPlatforms) = postSolution
		{C8C7FB02-4F0C-4F8E-907A-6C5C979FFE0F}.Debug|Any CPU.ActiveCfg = Debug|Any CPU
		{C8C7FB02-4F0C-4F8E-907A-6C5C979FFE0F}.Debug|Any CPU.Build.0 = Debug|Any CPU
		{C8C7FB02-4F0C-4F8E-907A-6C5C979FFE0F}.Release|Any CPU.ActiveCfg = Release|Any CPU
		{C8C7FB02-4F0C-4F8E-907A-6C5C979FFE0F}.Release|Any CPU.Build.0 = Release|Any CPU
		{40DE342A-F0CC-45B3-A988-CA32814CDC84}.Debug|Any CPU.ActiveCfg = Debug|Any CPU
		{40DE342A-F0CC-45B3-A988-CA32814CDC84}.Debug|Any CPU.Build.0 = Debug|Any CPU
		{40DE342A-F0CC-45B3-A988-CA32814CDC84}.Release|Any CPU.ActiveCfg = Release|Any CPU
		{40DE342A-F0CC-45B3-A988-CA32814CDC84}.Release|Any CPU.Build.0 = Release|Any CPU
		{39C027F6-2B9E-4756-A757-D50DCE393B85}.Debug|Any CPU.ActiveCfg = Debug|Any CPU
		{39C027F6-2B9E-4756-A757-D50DCE393B85}.Debug|Any CPU.Build.0 = Debug|Any CPU
		{39C027F6-2B9E-4756-A757-D50DCE393B85}.Release|Any CPU.ActiveCfg = Release|Any CPU
		{39C027F6-2B9E-4756-A757-D50DCE393B85}.Release|Any CPU.Build.0 = Release|Any CPU
		{10AB5CDA-0F7F-47C8-8B3F-8B4C6F64C291}.Debug|Any CPU.ActiveCfg = Debug|Any CPU
		{10AB5CDA-0F7F-47C8-8B3F-8B4C6F64C291}.Debug|Any CPU.Build.0 = Debug|Any CPU
		{10AB5CDA-0F7F-47C8-8B3F-8B4C6F64C291}.Release|Any CPU.ActiveCfg = Release|Any CPU
		{10AB5CDA-0F7F-47C8-8B3F-8B4C6F64C291}.Release|Any CPU.Build.0 = Release|Any CPU
		{DE87A654-4E5F-4FEC-973B-4BFF6019167D}.Debug|Any CPU.ActiveCfg = Debug|Any CPU
		{DE87A654-4E5F-4FEC-973B-4BFF6019167D}.Debug|Any CPU.Build.0 = Debug|Any CPU
		{DE87A654-4E5F-4FEC-973B-4BFF6019167D}.Release|Any CPU.ActiveCfg = Release|Any CPU
		{DE87A654-4E5F-4FEC-973B-4BFF6019167D}.Release|Any CPU.Build.0 = Release|Any CPU
		{5CA71EBA-5F70-4C37-B10A-3465E13EF0A5}.Debug|Any CPU.ActiveCfg = Debug|Any CPU
		{5CA71EBA-5F70-4C37-B10A-3465E13EF0A5}.Debug|Any CPU.Build.0 = Debug|Any CPU
		{5CA71EBA-5F70-4C37-B10A-3465E13EF0A5}.Release|Any CPU.ActiveCfg = Release|Any CPU
		{5CA71EBA-5F70-4C37-B10A-3465E13EF0A5}.Release|Any CPU.Build.0 = Release|Any CPU
		{6B6CE215-878E-41A1-8C6A-327697C8176B}.Debug|Any CPU.ActiveCfg = Debug|Any CPU
		{6B6CE215-878E-41A1-8C6A-327697C8176B}.Debug|Any CPU.Build.0 = Debug|Any CPU
		{6B6CE215-878E-41A1-8C6A-327697C8176B}.Release|Any CPU.ActiveCfg = Release|Any CPU
		{6B6CE215-878E-41A1-8C6A-327697C8176B}.Release|Any CPU.Build.0 = Release|Any CPU
		{C332CF18-D9D4-4397-A7E8-96029CD309D9}.Debug|Any CPU.ActiveCfg = Debug|Any CPU
		{C332CF18-D9D4-4397-A7E8-96029CD309D9}.Debug|Any CPU.Build.0 = Debug|Any CPU
		{C332CF18-D9D4-4397-A7E8-96029CD309D9}.Release|Any CPU.ActiveCfg = Release|Any CPU
		{C332CF18-D9D4-4397-A7E8-96029CD309D9}.Release|Any CPU.Build.0 = Release|Any CPU
		{29FCDDFF-D8CA-4481-8CEE-FF4C44CD558B}.Debug|Any CPU.ActiveCfg = Debug|Any CPU
		{29FCDDFF-D8CA-4481-8CEE-FF4C44CD558B}.Debug|Any CPU.Build.0 = Debug|Any CPU
		{29FCDDFF-D8CA-4481-8CEE-FF4C44CD558B}.Release|Any CPU.ActiveCfg = Release|Any CPU
		{29FCDDFF-D8CA-4481-8CEE-FF4C44CD558B}.Release|Any CPU.Build.0 = Release|Any CPU
	EndGlobalSection
	GlobalSection(SolutionProperties) = preSolution
		HideSolutionNode = FALSE
	EndGlobalSection
	GlobalSection(ExtensibilityGlobals) = postSolution
		SolutionGuid = {E3010DD9-08EA-463B-8052-CFCDA65F142E}
	EndGlobalSection
EndGlobal
